
Microsoft Visual Studio Solution File, Format Version 12.00
Project("{FAE04EC0-301F-11D3-BF4B-00C04F79EFBC}") = "AudioSwitch", "AudioSwitch.csproj", "{34074577-47C6-43B2-BCA6-2834F21351DD}"
EndProject
Global
	GlobalSection(SolutionConfigurationPlatforms) = preSolution
		Debug|Any CPU = Debug|Any CPU
		Release|Any CPU = Release|Any CPU
	EndGlobalSection
	GlobalSection(ProjectConfigurationPlatforms) = postSolution
		{34074577-47C6-43B2-BCA6-2834F21351DD}.Debug|Any CPU.ActiveCfg = Debug|Any CPU
		{34074577-47C6-43B2-BCA6-2834F21351DD}.Debug|Any CPU.Build.0 = Debug|Any CPU
		{34074577-47C6-43B2-BCA6-2834F21351DD}.Release|Any CPU.ActiveCfg = Release|Any CPU
		{34074577-47C6-43B2-BCA6-2834F21351DD}.Release|Any CPU.Build.0 = Release|Any CPU
	EndGlobalSection
EndGlobal
